// !$*UTF8*$!
{
	archiveVersion = 1;
	classes = {
	};
	objectVersion = 56;
	objects = {

/* Begin PBXBuildFile section */
		273AAC3A2BBF1DCB0088D072 /* BundleReaderApp.swift in Sources */ = {isa = PBXBuildFile; fileRef = 273AAC392BBF1DCB0088D072 /* BundleReaderApp.swift */; };
		273AAC3C2BBF1DCB0088D072 /* ContentView.swift in Sources */ = {isa = PBXBuildFile; fileRef = 273AAC3B2BBF1DCB0088D072 /* ContentView.swift */; };
		273AAC3E2BBF1DCD0088D072 /* Assets.xcassets in Resources */ = {isa = PBXBuildFile; fileRef = 273AAC3D2BBF1DCD0088D072 /* Assets.xcassets */; };
		273AAC412BBF1DCD0088D072 /* Preview Assets.xcassets in Resources */ = {isa = PBXBuildFile; fileRef = 273AAC402BBF1DCD0088D072 /* Preview Assets.xcassets */; };
		273AAC492BBF1E0F0088D072 /* EmbeddedReaderView.swift in Sources */ = {isa = PBXBuildFile; fileRef = 273AAC482BBF1E0F0088D072 /* EmbeddedReaderView.swift */; };
		273AAC4B2BBF1E200088D072 /* PlistReaderView.swift in Sources */ = {isa = PBXBuildFile; fileRef = 273AAC4A2BBF1E200088D072 /* PlistReaderView.swift */; };
		273AAC4D2BBF1E7B0088D072 /* PkgInfoReaderView.swift in Sources */ = {isa = PBXBuildFile; fileRef = 273AAC4C2BBF1E7B0088D072 /* PkgInfoReaderView.swift */; };
		273AAC4F2BBF1E960088D072 /* CodeResourcesReaderView.swift in Sources */ = {isa = PBXBuildFile; fileRef = 273AAC4E2BBF1E960088D072 /* CodeResourcesReaderView.swift */; };
/* End PBXBuildFile section */

/* Begin PBXFileReference section */
		273AAC362BBF1DCB0088D072 /* BundleReader.app */ = {isa = PBXFileReference; explicitFileType = wrapper.application; includeInIndex = 0; path = BundleReader.app; sourceTree = BUILT_PRODUCTS_DIR; };
		273AAC392BBF1DCB0088D072 /* BundleReaderApp.swift */ = {isa = PBXFileReference; lastKnownFileType = sourcecode.swift; path = BundleReaderApp.swift; sourceTree = "<group>"; };
		273AAC3B2BBF1DCB0088D072 /* ContentView.swift */ = {isa = PBXFileReference; lastKnownFileType = sourcecode.swift; path = ContentView.swift; sourceTree = "<group>"; };
		273AAC3D2BBF1DCD0088D072 /* Assets.xcassets */ = {isa = PBXFileReference; lastKnownFileType = folder.assetcatalog; path = Assets.xcassets; sourceTree = "<group>"; };
		273AAC402BBF1DCD0088D072 /* Preview Assets.xcassets */ = {isa = PBXFileReference; lastKnownFileType = folder.assetcatalog; path = "Preview Assets.xcassets"; sourceTree = "<group>"; };
		273AAC482BBF1E0F0088D072 /* EmbeddedReaderView.swift */ = {isa = PBXFileReference; lastKnownFileType = sourcecode.swift; path = EmbeddedReaderView.swift; sourceTree = "<group>"; };
		273AAC4A2BBF1E200088D072 /* PlistReaderView.swift */ = {isa = PBXFileReference; lastKnownFileType = sourcecode.swift; path = PlistReaderView.swift; sourceTree = "<group>"; };
		273AAC4C2BBF1E7B0088D072 /* PkgInfoReaderView.swift */ = {isa = PBXFileReference; lastKnownFileType = sourcecode.swift; path = PkgInfoReaderView.swift; sourceTree = "<group>"; };
		273AAC4E2BBF1E960088D072 /* CodeResourcesReaderView.swift */ = {isa = PBXFileReference; lastKnownFileType = sourcecode.swift; path = CodeResourcesReaderView.swift; sourceTree = "<group>"; };
/* End PBXFileReference section */

/* Begin PBXFrameworksBuildPhase section */
		273AAC332BBF1DCB0088D072 /* Frameworks */ = {
			isa = PBXFrameworksBuildPhase;
			buildActionMask = 2147483647;
			files = (
			);
			runOnlyForDeploymentPostprocessing = 0;
		};
/* End PBXFrameworksBuildPhase section */

/* Begin PBXGroup section */
		273AAC2D2BBF1DCB0088D072 = {
			isa = PBXGroup;
			children = (
				273AAC382BBF1DCB0088D072 /* BundleReader */,
				273AAC372BBF1DCB0088D072 /* Products */,
			);
			sourceTree = "<group>";
		};
		273AAC372BBF1DCB0088D072 /* Products */ = {
			isa = PBXGroup;
			children = (
				273AAC362BBF1DCB0088D072 /* BundleReader.app */,
			);
			name = Products;
			sourceTree = "<group>";
		};
		273AAC382BBF1DCB0088D072 /* BundleReader */ = {
			isa = PBXGroup;
			children = (
				273AAC472BBF1DEF0088D072 /* Views */,
				273AAC3D2BBF1DCD0088D072 /* Assets.xcassets */,
				273AAC3F2BBF1DCD0088D072 /* Preview Content */,
			);
			path = BundleReader;
			sourceTree = "<group>";
		};
		273AAC3F2BBF1DCD0088D072 /* Preview Content */ = {
			isa = PBXGroup;
			children = (
				273AAC402BBF1DCD0088D072 /* Preview Assets.xcassets */,
			);
			path = "Preview Content";
			sourceTree = "<group>";
		};
		273AAC472BBF1DEF0088D072 /* Views */ = {
			isa = PBXGroup;
			children = (
				273AAC392BBF1DCB0088D072 /* BundleReaderApp.swift */,
				273AAC3B2BBF1DCB0088D072 /* ContentView.swift */,
				273AAC482BBF1E0F0088D072 /* EmbeddedReaderView.swift */,
				273AAC4A2BBF1E200088D072 /* PlistReaderView.swift */,
				273AAC4C2BBF1E7B0088D072 /* PkgInfoReaderView.swift */,
				273AAC4E2BBF1E960088D072 /* CodeResourcesReaderView.swift */,
			);
			path = Views;
			sourceTree = "<group>";
		};
/* End PBXGroup section */

/* Begin PBXNativeTarget section */
		273AAC352BBF1DCB0088D072 /* BundleReader */ = {
			isa = PBXNativeTarget;
			buildConfigurationList = 273AAC442BBF1DCD0088D072 /* Build configuration list for PBXNativeTarget "BundleReader" */;
			buildPhases = (
				273AAC322BBF1DCB0088D072 /* Sources */,
				273AAC332BBF1DCB0088D072 /* Frameworks */,
				273AAC342BBF1DCB0088D072 /* Resources */,
			);
			buildRules = (
			);
			dependencies = (
			);
			name = BundleReader;
			productName = BundleReader;
			productReference = 273AAC362BBF1DCB0088D072 /* BundleReader.app */;
			productType = "com.apple.product-type.application";
		};
/* End PBXNativeTarget section */

/* Begin PBXProject section */
		273AAC2E2BBF1DCB0088D072 /* Project object */ = {
			isa = PBXProject;
			attributes = {
				BuildIndependentTargetsInParallel = 1;
				LastSwiftUpdateCheck = 1510;
				LastUpgradeCheck = 1510;
				TargetAttributes = {
					273AAC352BBF1DCB0088D072 = {
						CreatedOnToolsVersion = 15.1;
					};
				};
			};
			buildConfigurationList = 273AAC312BBF1DCB0088D072 /* Build configuration list for PBXProject "BundleReader" */;
			compatibilityVersion = "Xcode 14.0";
			developmentRegion = en;
			hasScannedForEncodings = 0;
			knownRegions = (
				en,
				Base,
			);
			mainGroup = 273AAC2D2BBF1DCB0088D072;
			productRefGroup = 273AAC372BBF1DCB0088D072 /* Products */;
			projectDirPath = "";
			projectRoot = "";
			targets = (
				273AAC352BBF1DCB0088D072 /* BundleReader */,
			);
		};
/* End PBXProject section */

/* Begin PBXResourcesBuildPhase section */
		273AAC342BBF1DCB0088D072 /* Resources */ = {
			isa = PBXResourcesBuildPhase;
			buildActionMask = 2147483647;
			files = (
				273AAC412BBF1DCD0088D072 /* Preview Assets.xcassets in Resources */,
				273AAC3E2BBF1DCD0088D072 /* Assets.xcassets in Resources */,
			);
			runOnlyForDeploymentPostprocessing = 0;
		};
/* End PBXResourcesBuildPhase section */

/* Begin PBXSourcesBuildPhase section */
		273AAC322BBF1DCB0088D072 /* Sources */ = {
			isa = PBXSourcesBuildPhase;
			buildActionMask = 2147483647;
			files = (
				273AAC4F2BBF1E960088D072 /* CodeResourcesReaderView.swift in Sources */,
				273AAC4D2BBF1E7B0088D072 /* PkgInfoReaderView.swift in Sources */,
				273AAC3C2BBF1DCB0088D072 /* ContentView.swift in Sources */,
				273AAC492BBF1E0F0088D072 /* EmbeddedReaderView.swift in Sources */,
				273AAC4B2BBF1E200088D072 /* PlistReaderView.swift in Sources */,
				273AAC3A2BBF1DCB0088D072 /* BundleReaderApp.swift in Sources */,
			);
			runOnlyForDeploymentPostprocessing = 0;
		};
/* End PBXSourcesBuildPhase section */

/* Begin XCBuildConfiguration section */
		273AAC422BBF1DCD0088D072 /* Debug */ = {
			isa = XCBuildConfiguration;
			buildSettings = {
				ALWAYS_SEARCH_USER_PATHS = NO;
				ASSETCATALOG_COMPILER_GENERATE_SWIFT_ASSET_SYMBOL_EXTENSIONS = YES;
				CLANG_ANALYZER_NONNULL = YES;
				CLANG_ANALYZER_NUMBER_OBJECT_CONVERSION = YES_AGGRESSIVE;
				CLANG_CXX_LANGUAGE_STANDARD = "gnu++20";
				CLANG_ENABLE_MODULES = YES;
				CLANG_ENABLE_OBJC_ARC = YES;
				CLANG_ENABLE_OBJC_WEAK = YES;
				CLANG_WARN_BLOCK_CAPTURE_AUTORELEASING = YES;
				CLANG_WARN_BOOL_CONVERSION = YES;
				CLANG_WARN_COMMA = YES;
				CLANG_WARN_CONSTANT_CONVERSION = YES;
				CLANG_WARN_DEPRECATED_OBJC_IMPLEMENTATIONS = YES;
				CLANG_WARN_DIRECT_OBJC_ISA_USAGE = YES_ERROR;
				CLANG_WARN_DOCUMENTATION_COMMENTS = YES;
				CLANG_WARN_EMPTY_BODY = YES;
				CLANG_WARN_ENUM_CONVERSION = YES;
				CLANG_WARN_INFINITE_RECURSION = YES;
				CLANG_WARN_INT_CONVERSION = YES;
				CLANG_WARN_NON_LITERAL_NULL_CONVERSION = YES;
				CLANG_WARN_OBJC_IMPLICIT_RETAIN_SELF = YES;
				CLANG_WARN_OBJC_LITERAL_CONVERSION = YES;
				CLANG_WARN_OBJC_ROOT_CLASS = YES_ERROR;
				CLANG_WARN_QUOTED_INCLUDE_IN_FRAMEWORK_HEADER = YES;
				CLANG_WARN_RANGE_LOOP_ANALYSIS = YES;
				CLANG_WARN_STRICT_PROTOTYPES = YES;
				CLANG_WARN_SUSPICIOUS_MOVE = YES;
				CLANG_WARN_UNGUARDED_AVAILABILITY = YES_AGGRESSIVE;
				CLANG_WARN_UNREACHABLE_CODE = YES;
				CLANG_WARN__DUPLICATE_METHOD_MATCH = YES;
				COPY_PHASE_STRIP = NO;
				DEBUG_INFORMATION_FORMAT = dwarf;
				ENABLE_STRICT_OBJC_MSGSEND = YES;
				ENABLE_TESTABILITY = YES;
				ENABLE_USER_SCRIPT_SANDBOXING = YES;
				GCC_C_LANGUAGE_STANDARD = gnu17;
				GCC_DYNAMIC_NO_PIC = NO;
				GCC_NO_COMMON_BLOCKS = YES;
				GCC_OPTIMIZATION_LEVEL = 0;
				GCC_PREPROCESSOR_DEFINITIONS = (
					"DEBUG=1",
					"$(inherited)",
				);
				GCC_WARN_64_TO_32_BIT_CONVERSION = YES;
				GCC_WARN_ABOUT_RETURN_TYPE = YES_ERROR;
				GCC_WARN_UNDECLARED_SELECTOR = YES;
				GCC_WARN_UNINITIALIZED_AUTOS = YES_AGGRESSIVE;
				GCC_WARN_UNUSED_FUNCTION = YES;
				GCC_WARN_UNUSED_VARIABLE = YES;
				IPHONEOS_DEPLOYMENT_TARGET = 17.2;
				LOCALIZATION_PREFERS_STRING_CATALOGS = YES;
				MTL_ENABLE_DEBUG_INFO = INCLUDE_SOURCE;
				MTL_FAST_MATH = YES;
				ONLY_ACTIVE_ARCH = YES;
				SDKROOT = iphoneos;
				SWIFT_ACTIVE_COMPILATION_CONDITIONS = "DEBUG $(inherited)";
				SWIFT_OPTIMIZATION_LEVEL = "-Onone";
			};
			name = Debug;
		};
		273AAC432BBF1DCD0088D072 /* Release */ = {
			isa = XCBuildConfiguration;
			buildSettings = {
				ALWAYS_SEARCH_USER_PATHS = NO;
				ASSETCATALOG_COMPILER_GENERATE_SWIFT_ASSET_SYMBOL_EXTENSIONS = YES;
				CLANG_ANALYZER_NONNULL = YES;
				CLANG_ANALYZER_NUMBER_OBJECT_CONVERSION = YES_AGGRESSIVE;
				CLANG_CXX_LANGUAGE_STANDARD = "gnu++20";
				CLANG_ENABLE_MODULES = YES;
				CLANG_ENABLE_OBJC_ARC = YES;
				CLANG_ENABLE_OBJC_WEAK = YES;
				CLANG_WARN_BLOCK_CAPTURE_AUTORELEASING = YES;
				CLANG_WARN_BOOL_CONVERSION = YES;
				CLANG_WARN_COMMA = YES;
				CLANG_WARN_CONSTANT_CONVERSION = YES;
				CLANG_WARN_DEPRECATED_OBJC_IMPLEMENTATIONS = YES;
				CLANG_WARN_DIRECT_OBJC_ISA_USAGE = YES_ERROR;
				CLANG_WARN_DOCUMENTATION_COMMENTS = YES;
				CLANG_WARN_EMPTY_BODY = YES;
				CLANG_WARN_ENUM_CONVERSION = YES;
				CLANG_WARN_INFINITE_RECURSION = YES;
				CLANG_WARN_INT_CONVERSION = YES;
				CLANG_WARN_NON_LITERAL_NULL_CONVERSION = YES;
				CLANG_WARN_OBJC_IMPLICIT_RETAIN_SELF = YES;
				CLANG_WARN_OBJC_LITERAL_CONVERSION = YES;
				CLANG_WARN_OBJC_ROOT_CLASS = YES_ERROR;
				CLANG_WARN_QUOTED_INCLUDE_IN_FRAMEWORK_HEADER = YES;
				CLANG_WARN_RANGE_LOOP_ANALYSIS = YES;
				CLANG_WARN_STRICT_PROTOTYPES = YES;
				CLANG_WARN_SUSPICIOUS_MOVE = YES;
				CLANG_WARN_UNGUARDED_AVAILABILITY = YES_AGGRESSIVE;
				CLANG_WARN_UNREACHABLE_CODE = YES;
				CLANG_WARN__DUPLICATE_METHOD_MATCH = YES;
				COPY_PHASE_STRIP = NO;
				DEBUG_INFORMATION_FORMAT = "dwarf-with-dsym";
				ENABLE_NS_ASSERTIONS = NO;
				ENABLE_STRICT_OBJC_MSGSEND = YES;
				ENABLE_USER_SCRIPT_SANDBOXING = YES;
				GCC_C_LANGUAGE_STANDARD = gnu17;
				GCC_NO_COMMON_BLOCKS = YES;
				GCC_WARN_64_TO_32_BIT_CONVERSION = YES;
				GCC_WARN_ABOUT_RETURN_TYPE = YES_ERROR;
				GCC_WARN_UNDECLARED_SELECTOR = YES;
				GCC_WARN_UNINITIALIZED_AUTOS = YES_AGGRESSIVE;
				GCC_WARN_UNUSED_FUNCTION = YES;
				GCC_WARN_UNUSED_VARIABLE = YES;
				IPHONEOS_DEPLOYMENT_TARGET = 17.2;
				LOCALIZATION_PREFERS_STRING_CATALOGS = YES;
				MTL_ENABLE_DEBUG_INFO = NO;
				MTL_FAST_MATH = YES;
				SDKROOT = iphoneos;
				SWIFT_COMPILATION_MODE = wholemodule;
				VALIDATE_PRODUCT = YES;
			};
			name = Release;
		};
		273AAC452BBF1DCD0088D072 /* Debug */ = {
			isa = XCBuildConfiguration;
			buildSettings = {
				ASSETCATALOG_COMPILER_APPICON_NAME = AppIcon;
				ASSETCATALOG_COMPILER_GLOBAL_ACCENT_COLOR_NAME = AccentColor;
				CODE_SIGN_STYLE = Automatic;
				CURRENT_PROJECT_VERSION = 1;
				DEVELOPMENT_ASSET_PATHS = "\"BundleReader/Preview Content\"";
				DEVELOPMENT_TEAM = 9489Q3YVAN;
				ENABLE_PREVIEWS = YES;
				GENERATE_INFOPLIST_FILE = YES;
				INFOPLIST_KEY_UIApplicationSceneManifest_Generation = YES;
				INFOPLIST_KEY_UIApplicationSupportsIndirectInputEvents = YES;
				INFOPLIST_KEY_UILaunchScreen_Generation = YES;
				INFOPLIST_KEY_UISupportedInterfaceOrientations_iPad = "UIInterfaceOrientationPortrait UIInterfaceOrientationPortraitUpsideDown UIInterfaceOrientationLandscapeLeft UIInterfaceOrientationLandscapeRight";
				INFOPLIST_KEY_UISupportedInterfaceOrientations_iPhone = "UIInterfaceOrientationPortrait UIInterfaceOrientationLandscapeLeft UIInterfaceOrientationLandscapeRight";
				IPHONEOS_DEPLOYMENT_TARGET = 14.0;
				LD_RUNPATH_SEARCH_PATHS = (
					"$(inherited)",
					"@executable_path/Frameworks",
				);
				MARKETING_VERSION = 1.0;
				PRODUCT_BUNDLE_IDENTIFIER = com.iRayanKhan.BundleReader;
				PRODUCT_NAME = "$(TARGET_NAME)";
				SWIFT_EMIT_LOC_STRINGS = YES;
				SWIFT_VERSION = 5.0;
				TARGETED_DEVICE_FAMILY = "1,2";
			};
			name = Debug;
		};
		273AAC462BBF1DCD0088D072 /* Release */ = {
			isa = XCBuildConfiguration;
			buildSettings = {
				ASSETCATALOG_COMPILER_APPICON_NAME = AppIcon;
				ASSETCATALOG_COMPILER_GLOBAL_ACCENT_COLOR_NAME = AccentColor;
				CODE_SIGN_STYLE = Automatic;
				CURRENT_PROJECT_VERSION = 1;
				DEVELOPMENT_ASSET_PATHS = "\"BundleReader/Preview Content\"";
				DEVELOPMENT_TEAM = 9489Q3YVAN;
				ENABLE_PREVIEWS = YES;
				GENERATE_INFOPLIST_FILE = YES;
				INFOPLIST_KEY_UIApplicationSceneManifest_Generation = YES;
				INFOPLIST_KEY_UIApplicationSupportsIndirectInputEvents = YES;
				INFOPLIST_KEY_UILaunchScreen_Generation = YES;
				INFOPLIST_KEY_UISupportedInterfaceOrientations_iPad = "UIInterfaceOrientationPortrait UIInterfaceOrientationPortraitUpsideDown UIInterfaceOrientationLandscapeLeft UIInterfaceOrientationLandscapeRight";
				INFOPLIST_KEY_UISupportedInterfaceOrientations_iPhone = "UIInterfaceOrientationPortrait UIInterfaceOrientationLandscapeLeft UIInterfaceOrientationLandscapeRight";
				IPHONEOS_DEPLOYMENT_TARGET = 14.0;
				LD_RUNPATH_SEARCH_PATHS = (
					"$(inherited)",
					"@executable_path/Frameworks",
				);
				MARKETING_VERSION = 1.0;
				PRODUCT_BUNDLE_IDENTIFIER = com.iRayanKhan.BundleReader;
				PRODUCT_NAME = "$(TARGET_NAME)";
				SWIFT_EMIT_LOC_STRINGS = YES;
				SWIFT_VERSION = 5.0;
				TARGETED_DEVICE_FAMILY = "1,2";
			};
			name = Release;
		};
/* End XCBuildConfiguration section */

/* Begin XCConfigurationList section */
		273AAC312BBF1DCB0088D072 /* Build configuration list for PBXProject "BundleReader" */ = {
			isa = XCConfigurationList;
			buildConfigurations = (
				273AAC422BBF1DCD0088D072 /* Debug */,
				273AAC432BBF1DCD0088D072 /* Release */,
			);
			defaultConfigurationIsVisible = 0;
			defaultConfigurationName = Release;
		};
		273AAC442BBF1DCD0088D072 /* Build configuration list for PBXNativeTarget "BundleReader" */ = {
			isa = XCConfigurationList;
			buildConfigurations = (
				273AAC452BBF1DCD0088D072 /* Debug */,
				273AAC462BBF1DCD0088D072 /* Release */,
			);
			defaultConfigurationIsVisible = 0;
			defaultConfigurationName = Release;
		};
/* End XCConfigurationList section */
	};
	rootObject = 273AAC2E2BBF1DCB0088D072 /* Project object */;
}
