// !$*UTF8*$!
{
	archiveVersion = 1;
	classes = {
	};
	objectVersion = 56;
	objects = {

/* Begin PBXBuildFile section */
		273AAC3A2BBF1DCB0088D072 /* BundleReaderApp.swift in Sources */ = {isa = PBXBuildFile; fileRef = 273AAC392BBF1DCB0088D072 /* BundleReaderApp.swift */; };
		273AAC3C2BBF1DCB0088D072 /* ContentView.swift in Sources */ = {isa = PBXBuildFile; fileRef = 273AAC3B2BBF1DCB0088D072 /* ContentView.swift */; };
		273AAC3E2BBF1DCD0088D072 /* Assets.xcassets in Resources */ = {isa = PBXBuildFile; fileRef = 273AAC3D2BBF1DCD0088D072 /* Assets.xcassets */; };
		273AAC412BBF1DCD0088D072 /* Preview Assets.xcassets in Resources */ = {isa = PBXBuildFile; fileRef = 273AAC402BBF1DCD0088D072 /* Preview Assets.xcassets */; };
		273AAC492BBF1E0F0088D072 /* EmbeddedReaderView.swift in Sources */ = {isa = PBXBuildFile; fileRef = 273AAC482BBF1E0F0088D072 /* EmbeddedReaderView.swift */; };
		273AAC4B2BBF1E200088D072 /* PlistReaderView.swift in Sources */ = {isa = PBXBuildFile; fileRef = 273AAC4A2BBF1E200088D072 /* PlistReaderView.swift */; };
		273AAC4D2BBF1E7B0088D072 /* PkgInfoReaderView.swift in Sources */ = {isa = PBXBuildFile; fileRef = 273AAC4C2BBF1E7B0088D072 /* PkgInfoReaderView.swift */; };
		273AAC4F2BBF1E960088D072 /* CodeResourcesReaderView.swift in Sources */ = {isa = PBXBuildFile; fileRef = 273AAC4E2BBF1E960088D072 /* CodeResourcesReaderView.swift */; };
		273AAC572BBF206D0088D072 /* BundleReader_watchOSApp.swift in Sources */ = {isa = PBXBuildFile; fileRef = 273AAC562BBF206D0088D072 /* BundleReader_watchOSApp.swift */; };
		273AAC592BBF206D0088D072 /* ContentView.swift in Sources */ = {isa = PBXBuildFile; fileRef = 273AAC582BBF206D0088D072 /* ContentView.swift */; };
		273AAC5B2BBF206E0088D072 /* Assets.xcassets in Resources */ = {isa = PBXBuildFile; fileRef = 273AAC5A2BBF206E0088D072 /* Assets.xcassets */; };
		273AAC5E2BBF206E0088D072 /* Preview Assets.xcassets in Resources */ = {isa = PBXBuildFile; fileRef = 273AAC5D2BBF206E0088D072 /* Preview Assets.xcassets */; };
		273AAC612BBF206E0088D072 /* Bundle Reader.app in Embed Watch Content */ = {isa = PBXBuildFile; fileRef = 273AAC542BBF206D0088D072 /* Bundle Reader.app */; settings = {ATTRIBUTES = (RemoveHeadersOnCopy, ); }; };
		273AAC682BBF20D00088D072 /* EmbeddedReaderView.swift in Sources */ = {isa = PBXBuildFile; fileRef = 273AAC672BBF20D00088D072 /* EmbeddedReaderView.swift */; };
		273AAC6A2BBF20FB0088D072 /* PlistReaderView.swift in Sources */ = {isa = PBXBuildFile; fileRef = 273AAC692BBF20FB0088D072 /* PlistReaderView.swift */; };
		273AAC6D2BBF211F0088D072 /* PkgInfoReaderView.swift in Sources */ = {isa = PBXBuildFile; fileRef = 273AAC6C2BBF211F0088D072 /* PkgInfoReaderView.swift */; };
		273AAC6F2BBF213F0088D072 /* CodeResourcesReaderView.swift in Sources */ = {isa = PBXBuildFile; fileRef = 273AAC6E2BBF213F0088D072 /* CodeResourcesReaderView.swift */; };
		27A09F202BBF28C100BBFDCC /* RealityKitContent in Frameworks */ = {isa = PBXBuildFile; productRef = 27A09F1F2BBF28C100BBFDCC /* RealityKitContent */; };
		27A09F222BBF28C100BBFDCC /* BundleReader_visionOSApp.swift in Sources */ = {isa = PBXBuildFile; fileRef = 27A09F212BBF28C100BBFDCC /* BundleReader_visionOSApp.swift */; };
		27A09F242BBF28C100BBFDCC /* ContentView.swift in Sources */ = {isa = PBXBuildFile; fileRef = 27A09F232BBF28C100BBFDCC /* ContentView.swift */; };
		27A09F262BBF28C200BBFDCC /* Assets.xcassets in Resources */ = {isa = PBXBuildFile; fileRef = 27A09F252BBF28C200BBFDCC /* Assets.xcassets */; };
		27A09F292BBF28C200BBFDCC /* Preview Assets.xcassets in Resources */ = {isa = PBXBuildFile; fileRef = 27A09F282BBF28C200BBFDCC /* Preview Assets.xcassets */; };
		27A09F322BBF28FC00BBFDCC /* PlistReaderView.swift in Sources */ = {isa = PBXBuildFile; fileRef = 27A09F2F2BBF28FC00BBFDCC /* PlistReaderView.swift */; };
		27A09F332BBF28FC00BBFDCC /* EmbeddedReaderView.swift in Sources */ = {isa = PBXBuildFile; fileRef = 27A09F302BBF28FC00BBFDCC /* EmbeddedReaderView.swift */; };
		27A09F342BBF28FC00BBFDCC /* PkgInfoReaderView.swift in Sources */ = {isa = PBXBuildFile; fileRef = 27A09F312BBF28FC00BBFDCC /* PkgInfoReaderView.swift */; };
		27A09F362BBF290200BBFDCC /* CodeResourcesReaderView.swift in Sources */ = {isa = PBXBuildFile; fileRef = 27A09F352BBF290200BBFDCC /* CodeResourcesReaderView.swift */; };
		27DF2F3D2BBF24B10085DD3A /* BundleReader_tvOSApp.swift in Sources */ = {isa = PBXBuildFile; fileRef = 27DF2F3C2BBF24B10085DD3A /* BundleReader_tvOSApp.swift */; };
		27DF2F3F2BBF24B10085DD3A /* ContentView.swift in Sources */ = {isa = PBXBuildFile; fileRef = 27DF2F3E2BBF24B10085DD3A /* ContentView.swift */; };
		27DF2F412BBF24B20085DD3A /* Assets.xcassets in Resources */ = {isa = PBXBuildFile; fileRef = 27DF2F402BBF24B20085DD3A /* Assets.xcassets */; };
		27DF2F442BBF24B20085DD3A /* Preview Assets.xcassets in Resources */ = {isa = PBXBuildFile; fileRef = 27DF2F432BBF24B20085DD3A /* Preview Assets.xcassets */; };
		27DF2F492BBF252F0085DD3A /* EmbeddedReaderView.swift in Sources */ = {isa = PBXBuildFile; fileRef = 27DF2F482BBF252F0085DD3A /* EmbeddedReaderView.swift */; };
		27DF2F4B2BBF257B0085DD3A /* PlistReaderView.swift in Sources */ = {isa = PBXBuildFile; fileRef = 27DF2F4A2BBF257B0085DD3A /* PlistReaderView.swift */; };
		27DF2F4D2BBF25AB0085DD3A /* PkgInfoReaderView.swift in Sources */ = {isa = PBXBuildFile; fileRef = 27DF2F4C2BBF25AB0085DD3A /* PkgInfoReaderView.swift */; };
		27DF2F4F2BBF25C60085DD3A /* CodeResourcesReaderView.swift in Sources */ = {isa = PBXBuildFile; fileRef = 27DF2F4E2BBF25C60085DD3A /* CodeResourcesReaderView.swift */; };
/* End PBXBuildFile section */

/* Begin PBXContainerItemProxy section */
		273AAC5F2BBF206E0088D072 /* PBXContainerItemProxy */ = {
			isa = PBXContainerItemProxy;
			containerPortal = 273AAC2E2BBF1DCB0088D072 /* Project object */;
			proxyType = 1;
			remoteGlobalIDString = 273AAC532BBF206D0088D072;
			remoteInfo = "BundleReader watchOS Watch App";
		};
/* End PBXContainerItemProxy section */

/* Begin PBXCopyFilesBuildPhase section */
		273AAC652BBF206E0088D072 /* Embed Watch Content */ = {
			isa = PBXCopyFilesBuildPhase;
			buildActionMask = 2147483647;
			dstPath = "$(CONTENTS_FOLDER_PATH)/Watch";
			dstSubfolderSpec = 16;
			files = (
				273AAC612BBF206E0088D072 /* Bundle Reader.app in Embed Watch Content */,
			);
			name = "Embed Watch Content";
			runOnlyForDeploymentPostprocessing = 0;
		};
/* End PBXCopyFilesBuildPhase section */

/* Begin PBXFileReference section */
		273AAC362BBF1DCB0088D072 /* BundleReader.app */ = {isa = PBXFileReference; explicitFileType = wrapper.application; includeInIndex = 0; path = BundleReader.app; sourceTree = BUILT_PRODUCTS_DIR; };
		273AAC392BBF1DCB0088D072 /* BundleReaderApp.swift */ = {isa = PBXFileReference; lastKnownFileType = sourcecode.swift; path = BundleReaderApp.swift; sourceTree = "<group>"; };
		273AAC3B2BBF1DCB0088D072 /* ContentView.swift */ = {isa = PBXFileReference; lastKnownFileType = sourcecode.swift; path = ContentView.swift; sourceTree = "<group>"; };
		273AAC3D2BBF1DCD0088D072 /* Assets.xcassets */ = {isa = PBXFileReference; lastKnownFileType = folder.assetcatalog; path = Assets.xcassets; sourceTree = "<group>"; };
		273AAC402BBF1DCD0088D072 /* Preview Assets.xcassets */ = {isa = PBXFileReference; lastKnownFileType = folder.assetcatalog; path = "Preview Assets.xcassets"; sourceTree = "<group>"; };
		273AAC482BBF1E0F0088D072 /* EmbeddedReaderView.swift */ = {isa = PBXFileReference; lastKnownFileType = sourcecode.swift; path = EmbeddedReaderView.swift; sourceTree = "<group>"; };
		273AAC4A2BBF1E200088D072 /* PlistReaderView.swift */ = {isa = PBXFileReference; lastKnownFileType = sourcecode.swift; path = PlistReaderView.swift; sourceTree = "<group>"; };
		273AAC4C2BBF1E7B0088D072 /* PkgInfoReaderView.swift */ = {isa = PBXFileReference; lastKnownFileType = sourcecode.swift; path = PkgInfoReaderView.swift; sourceTree = "<group>"; };
		273AAC4E2BBF1E960088D072 /* CodeResourcesReaderView.swift */ = {isa = PBXFileReference; lastKnownFileType = sourcecode.swift; path = CodeResourcesReaderView.swift; sourceTree = "<group>"; };
		273AAC542BBF206D0088D072 /* Bundle Reader.app */ = {isa = PBXFileReference; explicitFileType = wrapper.application; includeInIndex = 0; path = "Bundle Reader.app"; sourceTree = BUILT_PRODUCTS_DIR; };
		273AAC562BBF206D0088D072 /* BundleReader_watchOSApp.swift */ = {isa = PBXFileReference; lastKnownFileType = sourcecode.swift; path = BundleReader_watchOSApp.swift; sourceTree = "<group>"; };
		273AAC582BBF206D0088D072 /* ContentView.swift */ = {isa = PBXFileReference; lastKnownFileType = sourcecode.swift; path = ContentView.swift; sourceTree = "<group>"; };
		273AAC5A2BBF206E0088D072 /* Assets.xcassets */ = {isa = PBXFileReference; lastKnownFileType = folder.assetcatalog; path = Assets.xcassets; sourceTree = "<group>"; };
		273AAC5D2BBF206E0088D072 /* Preview Assets.xcassets */ = {isa = PBXFileReference; lastKnownFileType = folder.assetcatalog; path = "Preview Assets.xcassets"; sourceTree = "<group>"; };
		273AAC672BBF20D00088D072 /* EmbeddedReaderView.swift */ = {isa = PBXFileReference; lastKnownFileType = sourcecode.swift; path = EmbeddedReaderView.swift; sourceTree = "<group>"; };
		273AAC692BBF20FB0088D072 /* PlistReaderView.swift */ = {isa = PBXFileReference; lastKnownFileType = sourcecode.swift; path = PlistReaderView.swift; sourceTree = "<group>"; };
		273AAC6C2BBF211F0088D072 /* PkgInfoReaderView.swift */ = {isa = PBXFileReference; lastKnownFileType = sourcecode.swift; path = PkgInfoReaderView.swift; sourceTree = "<group>"; };
		273AAC6E2BBF213F0088D072 /* CodeResourcesReaderView.swift */ = {isa = PBXFileReference; lastKnownFileType = sourcecode.swift; path = CodeResourcesReaderView.swift; sourceTree = "<group>"; };
		27A09F1B2BBF28C100BBFDCC /* BundleReader visionOS.app */ = {isa = PBXFileReference; explicitFileType = wrapper.application; includeInIndex = 0; path = "BundleReader visionOS.app"; sourceTree = BUILT_PRODUCTS_DIR; };
		27A09F1E2BBF28C100BBFDCC /* RealityKitContent */ = {isa = PBXFileReference; lastKnownFileType = wrapper; path = RealityKitContent; sourceTree = "<group>"; };
		27A09F212BBF28C100BBFDCC /* BundleReader_visionOSApp.swift */ = {isa = PBXFileReference; lastKnownFileType = sourcecode.swift; path = BundleReader_visionOSApp.swift; sourceTree = "<group>"; };
		27A09F232BBF28C100BBFDCC /* ContentView.swift */ = {isa = PBXFileReference; lastKnownFileType = sourcecode.swift; path = ContentView.swift; sourceTree = "<group>"; };
		27A09F252BBF28C200BBFDCC /* Assets.xcassets */ = {isa = PBXFileReference; lastKnownFileType = folder.assetcatalog; path = Assets.xcassets; sourceTree = "<group>"; };
		27A09F282BBF28C200BBFDCC /* Preview Assets.xcassets */ = {isa = PBXFileReference; lastKnownFileType = folder.assetcatalog; path = "Preview Assets.xcassets"; sourceTree = "<group>"; };
		27A09F2A2BBF28C200BBFDCC /* Info.plist */ = {isa = PBXFileReference; lastKnownFileType = text.plist.xml; path = Info.plist; sourceTree = "<group>"; };
		27A09F2F2BBF28FC00BBFDCC /* PlistReaderView.swift */ = {isa = PBXFileReference; fileEncoding = 4; lastKnownFileType = sourcecode.swift; name = PlistReaderView.swift; path = BundleReader/Views/PlistReaderView.swift; sourceTree = SOURCE_ROOT; };
		27A09F302BBF28FC00BBFDCC /* EmbeddedReaderView.swift */ = {isa = PBXFileReference; fileEncoding = 4; lastKnownFileType = sourcecode.swift; name = EmbeddedReaderView.swift; path = BundleReader/Views/EmbeddedReaderView.swift; sourceTree = SOURCE_ROOT; };
		27A09F312BBF28FC00BBFDCC /* PkgInfoReaderView.swift */ = {isa = PBXFileReference; fileEncoding = 4; lastKnownFileType = sourcecode.swift; name = PkgInfoReaderView.swift; path = BundleReader/Views/PkgInfoReaderView.swift; sourceTree = SOURCE_ROOT; };
		27A09F352BBF290200BBFDCC /* CodeResourcesReaderView.swift */ = {isa = PBXFileReference; fileEncoding = 4; lastKnownFileType = sourcecode.swift; name = CodeResourcesReaderView.swift; path = BundleReader/Views/CodeResourcesReaderView.swift; sourceTree = SOURCE_ROOT; };
		27DF2F3A2BBF24B10085DD3A /* BundleReader tvOS.app */ = {isa = PBXFileReference; explicitFileType = wrapper.application; includeInIndex = 0; path = "BundleReader tvOS.app"; sourceTree = BUILT_PRODUCTS_DIR; };
		27DF2F3C2BBF24B10085DD3A /* BundleReader_tvOSApp.swift */ = {isa = PBXFileReference; lastKnownFileType = sourcecode.swift; path = BundleReader_tvOSApp.swift; sourceTree = "<group>"; };
		27DF2F3E2BBF24B10085DD3A /* ContentView.swift */ = {isa = PBXFileReference; lastKnownFileType = sourcecode.swift; path = ContentView.swift; sourceTree = "<group>"; };
		27DF2F402BBF24B20085DD3A /* Assets.xcassets */ = {isa = PBXFileReference; lastKnownFileType = folder.assetcatalog; path = Assets.xcassets; sourceTree = "<group>"; };
		27DF2F432BBF24B20085DD3A /* Preview Assets.xcassets */ = {isa = PBXFileReference; lastKnownFileType = folder.assetcatalog; path = "Preview Assets.xcassets"; sourceTree = "<group>"; };
		27DF2F482BBF252F0085DD3A /* EmbeddedReaderView.swift */ = {isa = PBXFileReference; lastKnownFileType = sourcecode.swift; path = EmbeddedReaderView.swift; sourceTree = "<group>"; };
		27DF2F4A2BBF257B0085DD3A /* PlistReaderView.swift */ = {isa = PBXFileReference; lastKnownFileType = sourcecode.swift; path = PlistReaderView.swift; sourceTree = "<group>"; };
		27DF2F4C2BBF25AB0085DD3A /* PkgInfoReaderView.swift */ = {isa = PBXFileReference; lastKnownFileType = sourcecode.swift; path = PkgInfoReaderView.swift; sourceTree = "<group>"; };
		27DF2F4E2BBF25C60085DD3A /* CodeResourcesReaderView.swift */ = {isa = PBXFileReference; lastKnownFileType = sourcecode.swift; path = CodeResourcesReaderView.swift; sourceTree = "<group>"; };
/* End PBXFileReference section */

/* Begin PBXFrameworksBuildPhase section */
		273AAC332BBF1DCB0088D072 /* Frameworks */ = {
			isa = PBXFrameworksBuildPhase;
			buildActionMask = 2147483647;
			files = (
			);
			runOnlyForDeploymentPostprocessing = 0;
		};
		273AAC512BBF206D0088D072 /* Frameworks */ = {
			isa = PBXFrameworksBuildPhase;
			buildActionMask = 2147483647;
			files = (
			);
			runOnlyForDeploymentPostprocessing = 0;
		};
		27A09F182BBF28C100BBFDCC /* Frameworks */ = {
			isa = PBXFrameworksBuildPhase;
			buildActionMask = 2147483647;
			files = (
				27A09F202BBF28C100BBFDCC /* RealityKitContent in Frameworks */,
			);
			runOnlyForDeploymentPostprocessing = 0;
		};
		27DF2F372BBF24B10085DD3A /* Frameworks */ = {
			isa = PBXFrameworksBuildPhase;
			buildActionMask = 2147483647;
			files = (
			);
			runOnlyForDeploymentPostprocessing = 0;
		};
/* End PBXFrameworksBuildPhase section */

/* Begin PBXGroup section */
		273AAC2D2BBF1DCB0088D072 = {
			isa = PBXGroup;
			children = (
				273AAC382BBF1DCB0088D072 /* BundleReader */,
				273AAC552BBF206D0088D072 /* BundleReader watchOS Watch App */,
				27DF2F3B2BBF24B10085DD3A /* BundleReader tvOS */,
				27A09F1C2BBF28C100BBFDCC /* BundleReader visionOS */,
				27A09F1D2BBF28C100BBFDCC /* Packages */,
				273AAC372BBF1DCB0088D072 /* Products */,
			);
			sourceTree = "<group>";
		};
		273AAC372BBF1DCB0088D072 /* Products */ = {
			isa = PBXGroup;
			children = (
				273AAC362BBF1DCB0088D072 /* BundleReader.app */,
				273AAC542BBF206D0088D072 /* Bundle Reader.app */,
				27DF2F3A2BBF24B10085DD3A /* BundleReader tvOS.app */,
				27A09F1B2BBF28C100BBFDCC /* BundleReader visionOS.app */,
			);
			name = Products;
			sourceTree = "<group>";
		};
		273AAC382BBF1DCB0088D072 /* BundleReader */ = {
			isa = PBXGroup;
			children = (
				273AAC472BBF1DEF0088D072 /* Views */,
				273AAC3D2BBF1DCD0088D072 /* Assets.xcassets */,
				273AAC3F2BBF1DCD0088D072 /* Preview Content */,
			);
			path = BundleReader;
			sourceTree = "<group>";
		};
		273AAC3F2BBF1DCD0088D072 /* Preview Content */ = {
			isa = PBXGroup;
			children = (
				273AAC402BBF1DCD0088D072 /* Preview Assets.xcassets */,
			);
			path = "Preview Content";
			sourceTree = "<group>";
		};
		273AAC472BBF1DEF0088D072 /* Views */ = {
			isa = PBXGroup;
			children = (
				273AAC392BBF1DCB0088D072 /* BundleReaderApp.swift */,
				273AAC3B2BBF1DCB0088D072 /* ContentView.swift */,
				273AAC482BBF1E0F0088D072 /* EmbeddedReaderView.swift */,
				273AAC4A2BBF1E200088D072 /* PlistReaderView.swift */,
				273AAC4C2BBF1E7B0088D072 /* PkgInfoReaderView.swift */,
				273AAC4E2BBF1E960088D072 /* CodeResourcesReaderView.swift */,
			);
			path = Views;
			sourceTree = "<group>";
		};
		273AAC552BBF206D0088D072 /* BundleReader watchOS Watch App */ = {
			isa = PBXGroup;
			children = (
				273AAC662BBF20750088D072 /* Views */,
				273AAC5A2BBF206E0088D072 /* Assets.xcassets */,
				273AAC5C2BBF206E0088D072 /* Preview Content */,
			);
			path = "BundleReader watchOS Watch App";
			sourceTree = "<group>";
		};
		273AAC5C2BBF206E0088D072 /* Preview Content */ = {
			isa = PBXGroup;
			children = (
				273AAC5D2BBF206E0088D072 /* Preview Assets.xcassets */,
			);
			path = "Preview Content";
			sourceTree = "<group>";
		};
		273AAC662BBF20750088D072 /* Views */ = {
			isa = PBXGroup;
			children = (
				273AAC562BBF206D0088D072 /* BundleReader_watchOSApp.swift */,
				273AAC582BBF206D0088D072 /* ContentView.swift */,
				273AAC672BBF20D00088D072 /* EmbeddedReaderView.swift */,
				273AAC692BBF20FB0088D072 /* PlistReaderView.swift */,
				273AAC6C2BBF211F0088D072 /* PkgInfoReaderView.swift */,
				273AAC6E2BBF213F0088D072 /* CodeResourcesReaderView.swift */,
			);
			path = Views;
			sourceTree = "<group>";
		};
		27A09F1C2BBF28C100BBFDCC /* BundleReader visionOS */ = {
			isa = PBXGroup;
			children = (
				27A09F2E2BBF28E800BBFDCC /* Views */,
				27A09F252BBF28C200BBFDCC /* Assets.xcassets */,
				27A09F2A2BBF28C200BBFDCC /* Info.plist */,
				27A09F272BBF28C200BBFDCC /* Preview Content */,
			);
			path = "BundleReader visionOS";
			sourceTree = "<group>";
		};
		27A09F1D2BBF28C100BBFDCC /* Packages */ = {
			isa = PBXGroup;
			children = (
				27A09F1E2BBF28C100BBFDCC /* RealityKitContent */,
			);
			path = Packages;
			sourceTree = "<group>";
		};
		27A09F272BBF28C200BBFDCC /* Preview Content */ = {
			isa = PBXGroup;
			children = (
				27A09F282BBF28C200BBFDCC /* Preview Assets.xcassets */,
			);
			path = "Preview Content";
			sourceTree = "<group>";
		};
		27A09F2E2BBF28E800BBFDCC /* Views */ = {
			isa = PBXGroup;
			children = (
				27A09F212BBF28C100BBFDCC /* BundleReader_visionOSApp.swift */,
				27A09F232BBF28C100BBFDCC /* ContentView.swift */,
				27A09F302BBF28FC00BBFDCC /* EmbeddedReaderView.swift */,
				27A09F312BBF28FC00BBFDCC /* PkgInfoReaderView.swift */,
				27A09F2F2BBF28FC00BBFDCC /* PlistReaderView.swift */,
				27A09F352BBF290200BBFDCC /* CodeResourcesReaderView.swift */,
			);
			path = Views;
			sourceTree = "<group>";
		};
		27DF2F3B2BBF24B10085DD3A /* BundleReader tvOS */ = {
			isa = PBXGroup;
			children = (
				27DF2F502BBF25DE0085DD3A /* Views */,
				27DF2F402BBF24B20085DD3A /* Assets.xcassets */,
				27DF2F422BBF24B20085DD3A /* Preview Content */,
			);
			path = "BundleReader tvOS";
			sourceTree = "<group>";
		};
		27DF2F422BBF24B20085DD3A /* Preview Content */ = {
			isa = PBXGroup;
			children = (
				27DF2F432BBF24B20085DD3A /* Preview Assets.xcassets */,
			);
			path = "Preview Content";
			sourceTree = "<group>";
		};
		27DF2F502BBF25DE0085DD3A /* Views */ = {
			isa = PBXGroup;
			children = (
				27DF2F3C2BBF24B10085DD3A /* BundleReader_tvOSApp.swift */,
				27DF2F3E2BBF24B10085DD3A /* ContentView.swift */,
				27DF2F482BBF252F0085DD3A /* EmbeddedReaderView.swift */,
				27DF2F4A2BBF257B0085DD3A /* PlistReaderView.swift */,
				27DF2F4C2BBF25AB0085DD3A /* PkgInfoReaderView.swift */,
				27DF2F4E2BBF25C60085DD3A /* CodeResourcesReaderView.swift */,
			);
			path = Views;
			sourceTree = "<group>";
		};
/* End PBXGroup section */

/* Begin PBXNativeTarget section */
		273AAC352BBF1DCB0088D072 /* BundleReader */ = {
			isa = PBXNativeTarget;
			buildConfigurationList = 273AAC442BBF1DCD0088D072 /* Build configuration list for PBXNativeTarget "BundleReader" */;
			buildPhases = (
				273AAC322BBF1DCB0088D072 /* Sources */,
				273AAC332BBF1DCB0088D072 /* Frameworks */,
				273AAC342BBF1DCB0088D072 /* Resources */,
				273AAC652BBF206E0088D072 /* Embed Watch Content */,
			);
			buildRules = (
			);
			dependencies = (
				273AAC602BBF206E0088D072 /* PBXTargetDependency */,
			);
			name = BundleReader;
			productName = BundleReader;
			productReference = 273AAC362BBF1DCB0088D072 /* BundleReader.app */;
			productType = "com.apple.product-type.application";
		};
		273AAC532BBF206D0088D072 /* BundleReader watchOS Watch App */ = {
			isa = PBXNativeTarget;
			buildConfigurationList = 273AAC622BBF206E0088D072 /* Build configuration list for PBXNativeTarget "BundleReader watchOS Watch App" */;
			buildPhases = (
				273AAC502BBF206D0088D072 /* Sources */,
				273AAC512BBF206D0088D072 /* Frameworks */,
				273AAC522BBF206D0088D072 /* Resources */,
			);
			buildRules = (
			);
			dependencies = (
			);
			name = "BundleReader watchOS Watch App";
			productName = "BundleReader watchOS Watch App";
			productReference = 273AAC542BBF206D0088D072 /* Bundle Reader.app */;
			productType = "com.apple.product-type.application";
		};
		27A09F1A2BBF28C100BBFDCC /* BundleReader visionOS */ = {
			isa = PBXNativeTarget;
			buildConfigurationList = 27A09F2D2BBF28C200BBFDCC /* Build configuration list for PBXNativeTarget "BundleReader visionOS" */;
			buildPhases = (
				27A09F172BBF28C100BBFDCC /* Sources */,
				27A09F182BBF28C100BBFDCC /* Frameworks */,
				27A09F192BBF28C100BBFDCC /* Resources */,
			);
			buildRules = (
			);
			dependencies = (
			);
			name = "BundleReader visionOS";
			packageProductDependencies = (
				27A09F1F2BBF28C100BBFDCC /* RealityKitContent */,
			);
			productName = "BundleReader visionOS";
			productReference = 27A09F1B2BBF28C100BBFDCC /* BundleReader visionOS.app */;
			productType = "com.apple.product-type.application";
		};
		27DF2F392BBF24B10085DD3A /* BundleReader tvOS */ = {
			isa = PBXNativeTarget;
			buildConfigurationList = 27DF2F472BBF24B20085DD3A /* Build configuration list for PBXNativeTarget "BundleReader tvOS" */;
			buildPhases = (
				27DF2F362BBF24B10085DD3A /* Sources */,
				27DF2F372BBF24B10085DD3A /* Frameworks */,
				27DF2F382BBF24B10085DD3A /* Resources */,
			);
			buildRules = (
			);
			dependencies = (
			);
			name = "BundleReader tvOS";
			productName = "BundleReader tvOS";
			productReference = 27DF2F3A2BBF24B10085DD3A /* BundleReader tvOS.app */;
			productType = "com.apple.product-type.application";
		};
/* End PBXNativeTarget section */

/* Begin PBXProject section */
		273AAC2E2BBF1DCB0088D072 /* Project object */ = {
			isa = PBXProject;
			attributes = {
				BuildIndependentTargetsInParallel = 1;
				LastSwiftUpdateCheck = 1510;
				LastUpgradeCheck = 1510;
				TargetAttributes = {
					273AAC352BBF1DCB0088D072 = {
						CreatedOnToolsVersion = 15.1;
					};
					273AAC532BBF206D0088D072 = {
						CreatedOnToolsVersion = 15.1;
					};
					27A09F1A2BBF28C100BBFDCC = {
						CreatedOnToolsVersion = 15.1;
					};
					27DF2F392BBF24B10085DD3A = {
						CreatedOnToolsVersion = 15.0;
					};
				};
			};
			buildConfigurationList = 273AAC312BBF1DCB0088D072 /* Build configuration list for PBXProject "BundleReader" */;
			compatibilityVersion = "Xcode 14.0";
			developmentRegion = en;
			hasScannedForEncodings = 0;
			knownRegions = (
				en,
				Base,
			);
			mainGroup = 273AAC2D2BBF1DCB0088D072;
			productRefGroup = 273AAC372BBF1DCB0088D072 /* Products */;
			projectDirPath = "";
			projectRoot = "";
			targets = (
				273AAC352BBF1DCB0088D072 /* BundleReader */,
				273AAC532BBF206D0088D072 /* BundleReader watchOS Watch App */,
				27DF2F392BBF24B10085DD3A /* BundleReader tvOS */,
				27A09F1A2BBF28C100BBFDCC /* BundleReader visionOS */,
			);
		};
/* End PBXProject section */

/* Begin PBXResourcesBuildPhase section */
		273AAC342BBF1DCB0088D072 /* Resources */ = {
			isa = PBXResourcesBuildPhase;
			buildActionMask = 2147483647;
			files = (
				273AAC412BBF1DCD0088D072 /* Preview Assets.xcassets in Resources */,
				273AAC3E2BBF1DCD0088D072 /* Assets.xcassets in Resources */,
			);
			runOnlyForDeploymentPostprocessing = 0;
		};
		273AAC522BBF206D0088D072 /* Resources */ = {
			isa = PBXResourcesBuildPhase;
			buildActionMask = 2147483647;
			files = (
				273AAC5E2BBF206E0088D072 /* Preview Assets.xcassets in Resources */,
				273AAC5B2BBF206E0088D072 /* Assets.xcassets in Resources */,
			);
			runOnlyForDeploymentPostprocessing = 0;
		};
		27A09F192BBF28C100BBFDCC /* Resources */ = {
			isa = PBXResourcesBuildPhase;
			buildActionMask = 2147483647;
			files = (
				27A09F292BBF28C200BBFDCC /* Preview Assets.xcassets in Resources */,
				27A09F262BBF28C200BBFDCC /* Assets.xcassets in Resources */,
			);
			runOnlyForDeploymentPostprocessing = 0;
		};
		27DF2F382BBF24B10085DD3A /* Resources */ = {
			isa = PBXResourcesBuildPhase;
			buildActionMask = 2147483647;
			files = (
				27DF2F442BBF24B20085DD3A /* Preview Assets.xcassets in Resources */,
				27DF2F412BBF24B20085DD3A /* Assets.xcassets in Resources */,
			);
			runOnlyForDeploymentPostprocessing = 0;
		};
/* End PBXResourcesBuildPhase section */

/* Begin PBXSourcesBuildPhase section */
		273AAC322BBF1DCB0088D072 /* Sources */ = {
			isa = PBXSourcesBuildPhase;
			buildActionMask = 2147483647;
			files = (
				273AAC4F2BBF1E960088D072 /* CodeResourcesReaderView.swift in Sources */,
				273AAC4D2BBF1E7B0088D072 /* PkgInfoReaderView.swift in Sources */,
				273AAC3C2BBF1DCB0088D072 /* ContentView.swift in Sources */,
				273AAC492BBF1E0F0088D072 /* EmbeddedReaderView.swift in Sources */,
				273AAC4B2BBF1E200088D072 /* PlistReaderView.swift in Sources */,
				273AAC3A2BBF1DCB0088D072 /* BundleReaderApp.swift in Sources */,
			);
			runOnlyForDeploymentPostprocessing = 0;
		};
		273AAC502BBF206D0088D072 /* Sources */ = {
			isa = PBXSourcesBuildPhase;
			buildActionMask = 2147483647;
			files = (
				273AAC6F2BBF213F0088D072 /* CodeResourcesReaderView.swift in Sources */,
				273AAC6D2BBF211F0088D072 /* PkgInfoReaderView.swift in Sources */,
				273AAC592BBF206D0088D072 /* ContentView.swift in Sources */,
				273AAC682BBF20D00088D072 /* EmbeddedReaderView.swift in Sources */,
				273AAC6A2BBF20FB0088D072 /* PlistReaderView.swift in Sources */,
				273AAC572BBF206D0088D072 /* BundleReader_watchOSApp.swift in Sources */,
			);
			runOnlyForDeploymentPostprocessing = 0;
		};
		27A09F172BBF28C100BBFDCC /* Sources */ = {
			isa = PBXSourcesBuildPhase;
			buildActionMask = 2147483647;
			files = (
				27A09F362BBF290200BBFDCC /* CodeResourcesReaderView.swift in Sources */,
				27A09F342BBF28FC00BBFDCC /* PkgInfoReaderView.swift in Sources */,
				27A09F242BBF28C100BBFDCC /* ContentView.swift in Sources */,
				27A09F322BBF28FC00BBFDCC /* PlistReaderView.swift in Sources */,
				27A09F222BBF28C100BBFDCC /* BundleReader_visionOSApp.swift in Sources */,
				27A09F332BBF28FC00BBFDCC /* EmbeddedReaderView.swift in Sources */,
			);
			runOnlyForDeploymentPostprocessing = 0;
		};
		27DF2F362BBF24B10085DD3A /* Sources */ = {
			isa = PBXSourcesBuildPhase;
			buildActionMask = 2147483647;
			files = (
				27DF2F4F2BBF25C60085DD3A /* CodeResourcesReaderView.swift in Sources */,
				27DF2F4D2BBF25AB0085DD3A /* PkgInfoReaderView.swift in Sources */,
				27DF2F3F2BBF24B10085DD3A /* ContentView.swift in Sources */,
				27DF2F492BBF252F0085DD3A /* EmbeddedReaderView.swift in Sources */,
				27DF2F4B2BBF257B0085DD3A /* PlistReaderView.swift in Sources */,
				27DF2F3D2BBF24B10085DD3A /* BundleReader_tvOSApp.swift in Sources */,
			);
			runOnlyForDeploymentPostprocessing = 0;
		};
/* End PBXSourcesBuildPhase section */

/* Begin PBXTargetDependency section */
		273AAC602BBF206E0088D072 /* PBXTargetDependency */ = {
			isa = PBXTargetDependency;
			target = 273AAC532BBF206D0088D072 /* BundleReader watchOS Watch App */;
			targetProxy = 273AAC5F2BBF206E0088D072 /* PBXContainerItemProxy */;
		};
/* End PBXTargetDependency section */

/* Begin XCBuildConfiguration section */
		273AAC422BBF1DCD0088D072 /* Debug */ = {
			isa = XCBuildConfiguration;
			buildSettings = {
				ALWAYS_SEARCH_USER_PATHS = NO;
				ASSETCATALOG_COMPILER_GENERATE_SWIFT_ASSET_SYMBOL_EXTENSIONS = YES;
				CLANG_ANALYZER_NONNULL = YES;
				CLANG_ANALYZER_NUMBER_OBJECT_CONVERSION = YES_AGGRESSIVE;
				CLANG_CXX_LANGUAGE_STANDARD = "gnu++20";
				CLANG_ENABLE_MODULES = YES;
				CLANG_ENABLE_OBJC_ARC = YES;
				CLANG_ENABLE_OBJC_WEAK = YES;
				CLANG_WARN_BLOCK_CAPTURE_AUTORELEASING = YES;
				CLANG_WARN_BOOL_CONVERSION = YES;
				CLANG_WARN_COMMA = YES;
				CLANG_WARN_CONSTANT_CONVERSION = YES;
				CLANG_WARN_DEPRECATED_OBJC_IMPLEMENTATIONS = YES;
				CLANG_WARN_DIRECT_OBJC_ISA_USAGE = YES_ERROR;
				CLANG_WARN_DOCUMENTATION_COMMENTS = YES;
				CLANG_WARN_EMPTY_BODY = YES;
				CLANG_WARN_ENUM_CONVERSION = YES;
				CLANG_WARN_INFINITE_RECURSION = YES;
				CLANG_WARN_INT_CONVERSION = YES;
				CLANG_WARN_NON_LITERAL_NULL_CONVERSION = YES;
				CLANG_WARN_OBJC_IMPLICIT_RETAIN_SELF = YES;
				CLANG_WARN_OBJC_LITERAL_CONVERSION = YES;
				CLANG_WARN_OBJC_ROOT_CLASS = YES_ERROR;
				CLANG_WARN_QUOTED_INCLUDE_IN_FRAMEWORK_HEADER = YES;
				CLANG_WARN_RANGE_LOOP_ANALYSIS = YES;
				CLANG_WARN_STRICT_PROTOTYPES = YES;
				CLANG_WARN_SUSPICIOUS_MOVE = YES;
				CLANG_WARN_UNGUARDED_AVAILABILITY = YES_AGGRESSIVE;
				CLANG_WARN_UNREACHABLE_CODE = YES;
				CLANG_WARN__DUPLICATE_METHOD_MATCH = YES;
				COPY_PHASE_STRIP = NO;
				DEBUG_INFORMATION_FORMAT = dwarf;
				ENABLE_STRICT_OBJC_MSGSEND = YES;
				ENABLE_TESTABILITY = YES;
				ENABLE_USER_SCRIPT_SANDBOXING = YES;
				GCC_C_LANGUAGE_STANDARD = gnu17;
				GCC_DYNAMIC_NO_PIC = NO;
				GCC_NO_COMMON_BLOCKS = YES;
				GCC_OPTIMIZATION_LEVEL = 0;
				GCC_PREPROCESSOR_DEFINITIONS = (
					"DEBUG=1",
					"$(inherited)",
				);
				GCC_WARN_64_TO_32_BIT_CONVERSION = YES;
				GCC_WARN_ABOUT_RETURN_TYPE = YES_ERROR;
				GCC_WARN_UNDECLARED_SELECTOR = YES;
				GCC_WARN_UNINITIALIZED_AUTOS = YES_AGGRESSIVE;
				GCC_WARN_UNUSED_FUNCTION = YES;
				GCC_WARN_UNUSED_VARIABLE = YES;
				IPHONEOS_DEPLOYMENT_TARGET = 17.2;
				LOCALIZATION_PREFERS_STRING_CATALOGS = YES;
				MTL_ENABLE_DEBUG_INFO = INCLUDE_SOURCE;
				MTL_FAST_MATH = YES;
				ONLY_ACTIVE_ARCH = YES;
				SDKROOT = iphoneos;
				SWIFT_ACTIVE_COMPILATION_CONDITIONS = "DEBUG $(inherited)";
				SWIFT_OPTIMIZATION_LEVEL = "-Onone";
			};
			name = Debug;
		};
		273AAC432BBF1DCD0088D072 /* Release */ = {
			isa = XCBuildConfiguration;
			buildSettings = {
				ALWAYS_SEARCH_USER_PATHS = NO;
				ASSETCATALOG_COMPILER_GENERATE_SWIFT_ASSET_SYMBOL_EXTENSIONS = YES;
				CLANG_ANALYZER_NONNULL = YES;
				CLANG_ANALYZER_NUMBER_OBJECT_CONVERSION = YES_AGGRESSIVE;
				CLANG_CXX_LANGUAGE_STANDARD = "gnu++20";
				CLANG_ENABLE_MODULES = YES;
				CLANG_ENABLE_OBJC_ARC = YES;
				CLANG_ENABLE_OBJC_WEAK = YES;
				CLANG_WARN_BLOCK_CAPTURE_AUTORELEASING = YES;
				CLANG_WARN_BOOL_CONVERSION = YES;
				CLANG_WARN_COMMA = YES;
				CLANG_WARN_CONSTANT_CONVERSION = YES;
				CLANG_WARN_DEPRECATED_OBJC_IMPLEMENTATIONS = YES;
				CLANG_WARN_DIRECT_OBJC_ISA_USAGE = YES_ERROR;
				CLANG_WARN_DOCUMENTATION_COMMENTS = YES;
				CLANG_WARN_EMPTY_BODY = YES;
				CLANG_WARN_ENUM_CONVERSION = YES;
				CLANG_WARN_INFINITE_RECURSION = YES;
				CLANG_WARN_INT_CONVERSION = YES;
				CLANG_WARN_NON_LITERAL_NULL_CONVERSION = YES;
				CLANG_WARN_OBJC_IMPLICIT_RETAIN_SELF = YES;
				CLANG_WARN_OBJC_LITERAL_CONVERSION = YES;
				CLANG_WARN_OBJC_ROOT_CLASS = YES_ERROR;
				CLANG_WARN_QUOTED_INCLUDE_IN_FRAMEWORK_HEADER = YES;
				CLANG_WARN_RANGE_LOOP_ANALYSIS = YES;
				CLANG_WARN_STRICT_PROTOTYPES = YES;
				CLANG_WARN_SUSPICIOUS_MOVE = YES;
				CLANG_WARN_UNGUARDED_AVAILABILITY = YES_AGGRESSIVE;
				CLANG_WARN_UNREACHABLE_CODE = YES;
				CLANG_WARN__DUPLICATE_METHOD_MATCH = YES;
				COPY_PHASE_STRIP = NO;
				DEBUG_INFORMATION_FORMAT = "dwarf-with-dsym";
				ENABLE_NS_ASSERTIONS = NO;
				ENABLE_STRICT_OBJC_MSGSEND = YES;
				ENABLE_USER_SCRIPT_SANDBOXING = YES;
				GCC_C_LANGUAGE_STANDARD = gnu17;
				GCC_NO_COMMON_BLOCKS = YES;
				GCC_WARN_64_TO_32_BIT_CONVERSION = YES;
				GCC_WARN_ABOUT_RETURN_TYPE = YES_ERROR;
				GCC_WARN_UNDECLARED_SELECTOR = YES;
				GCC_WARN_UNINITIALIZED_AUTOS = YES_AGGRESSIVE;
				GCC_WARN_UNUSED_FUNCTION = YES;
				GCC_WARN_UNUSED_VARIABLE = YES;
				IPHONEOS_DEPLOYMENT_TARGET = 17.2;
				LOCALIZATION_PREFERS_STRING_CATALOGS = YES;
				MTL_ENABLE_DEBUG_INFO = NO;
				MTL_FAST_MATH = YES;
				SDKROOT = iphoneos;
				SWIFT_COMPILATION_MODE = wholemodule;
				VALIDATE_PRODUCT = YES;
			};
			name = Release;
		};
		273AAC452BBF1DCD0088D072 /* Debug */ = {
			isa = XCBuildConfiguration;
			buildSettings = {
				ALWAYS_EMBED_SWIFT_STANDARD_LIBRARIES = YES;
				ASSETCATALOG_COMPILER_APPICON_NAME = AppIcon;
				ASSETCATALOG_COMPILER_GLOBAL_ACCENT_COLOR_NAME = AccentColor;
				CODE_SIGN_STYLE = Automatic;
				CURRENT_PROJECT_VERSION = 1;
				DEVELOPMENT_ASSET_PATHS = "\"BundleReader/Preview Content\"";
				DEVELOPMENT_TEAM = 9489Q3YVAN;
				ENABLE_PREVIEWS = YES;
				GENERATE_INFOPLIST_FILE = YES;
				INFOPLIST_KEY_CFBundleDisplayName = "Bundle Reader";
				INFOPLIST_KEY_UIApplicationSceneManifest_Generation = YES;
				INFOPLIST_KEY_UIApplicationSupportsIndirectInputEvents = YES;
				INFOPLIST_KEY_UILaunchScreen_Generation = YES;
				INFOPLIST_KEY_UISupportedInterfaceOrientations_iPad = "UIInterfaceOrientationPortrait UIInterfaceOrientationPortraitUpsideDown UIInterfaceOrientationLandscapeLeft UIInterfaceOrientationLandscapeRight";
				INFOPLIST_KEY_UISupportedInterfaceOrientations_iPhone = "UIInterfaceOrientationPortrait UIInterfaceOrientationLandscapeLeft UIInterfaceOrientationLandscapeRight";
				IPHONEOS_DEPLOYMENT_TARGET = 14.0;
				LD_RUNPATH_SEARCH_PATHS = (
					"$(inherited)",
					"@executable_path/Frameworks",
				);
				MARKETING_VERSION = 1.0;
				PRODUCT_BUNDLE_IDENTIFIER = com.iRayanKhan.BundleReader;
				PRODUCT_NAME = "$(TARGET_NAME)";
				SWIFT_EMIT_LOC_STRINGS = YES;
				SWIFT_VERSION = 5.0;
				TARGETED_DEVICE_FAMILY = "1,2";
			};
			name = Debug;
		};
		273AAC462BBF1DCD0088D072 /* Release */ = {
			isa = XCBuildConfiguration;
			buildSettings = {
				ALWAYS_EMBED_SWIFT_STANDARD_LIBRARIES = YES;
				ASSETCATALOG_COMPILER_APPICON_NAME = AppIcon;
				ASSETCATALOG_COMPILER_GLOBAL_ACCENT_COLOR_NAME = AccentColor;
				CODE_SIGN_STYLE = Automatic;
				CURRENT_PROJECT_VERSION = 1;
				DEVELOPMENT_ASSET_PATHS = "\"BundleReader/Preview Content\"";
				DEVELOPMENT_TEAM = 9489Q3YVAN;
				ENABLE_PREVIEWS = YES;
				GENERATE_INFOPLIST_FILE = YES;
				INFOPLIST_KEY_CFBundleDisplayName = "Bundle Reader";
				INFOPLIST_KEY_UIApplicationSceneManifest_Generation = YES;
				INFOPLIST_KEY_UIApplicationSupportsIndirectInputEvents = YES;
				INFOPLIST_KEY_UILaunchScreen_Generation = YES;
				INFOPLIST_KEY_UISupportedInterfaceOrientations_iPad = "UIInterfaceOrientationPortrait UIInterfaceOrientationPortraitUpsideDown UIInterfaceOrientationLandscapeLeft UIInterfaceOrientationLandscapeRight";
				INFOPLIST_KEY_UISupportedInterfaceOrientations_iPhone = "UIInterfaceOrientationPortrait UIInterfaceOrientationLandscapeLeft UIInterfaceOrientationLandscapeRight";
				IPHONEOS_DEPLOYMENT_TARGET = 14.0;
				LD_RUNPATH_SEARCH_PATHS = (
					"$(inherited)",
					"@executable_path/Frameworks",
				);
				MARKETING_VERSION = 1.0;
				PRODUCT_BUNDLE_IDENTIFIER = com.iRayanKhan.BundleReader;
				PRODUCT_NAME = "$(TARGET_NAME)";
				SWIFT_EMIT_LOC_STRINGS = YES;
				SWIFT_VERSION = 5.0;
				TARGETED_DEVICE_FAMILY = "1,2";
			};
			name = Release;
		};
		273AAC632BBF206E0088D072 /* Debug */ = {
			isa = XCBuildConfiguration;
			buildSettings = {
				ASSETCATALOG_COMPILER_APPICON_NAME = AppIcon;
				ASSETCATALOG_COMPILER_GLOBAL_ACCENT_COLOR_NAME = AccentColor;
				CODE_SIGN_STYLE = Automatic;
				CURRENT_PROJECT_VERSION = 1;
				DEVELOPMENT_ASSET_PATHS = "\"BundleReader watchOS Watch App/Preview Content\"";
				DEVELOPMENT_TEAM = 9489Q3YVAN;
				ENABLE_PREVIEWS = YES;
				GENERATE_INFOPLIST_FILE = YES;
				INFOPLIST_KEY_UISupportedInterfaceOrientations = "UIInterfaceOrientationPortrait UIInterfaceOrientationPortraitUpsideDown";
				INFOPLIST_KEY_WKCompanionAppBundleIdentifier = com.iRayanKhan.BundleReader;
				LD_RUNPATH_SEARCH_PATHS = (
					"$(inherited)",
					"@executable_path/Frameworks",
				);
				MARKETING_VERSION = 1.0;
				PRODUCT_BUNDLE_IDENTIFIER = com.iRayanKhan.BundleReader.watchkitapp;
				PRODUCT_NAME = "Bundle Reader";
				SDKROOT = watchos;
				SKIP_INSTALL = YES;
				SWIFT_EMIT_LOC_STRINGS = YES;
				SWIFT_VERSION = 5.0;
				TARGETED_DEVICE_FAMILY = 4;
				WATCHOS_DEPLOYMENT_TARGET = 7.0;
			};
			name = Debug;
		};
		273AAC642BBF206E0088D072 /* Release */ = {
			isa = XCBuildConfiguration;
			buildSettings = {
				ASSETCATALOG_COMPILER_APPICON_NAME = AppIcon;
				ASSETCATALOG_COMPILER_GLOBAL_ACCENT_COLOR_NAME = AccentColor;
				CODE_SIGN_STYLE = Automatic;
				CURRENT_PROJECT_VERSION = 1;
				DEVELOPMENT_ASSET_PATHS = "\"BundleReader watchOS Watch App/Preview Content\"";
				DEVELOPMENT_TEAM = 9489Q3YVAN;
				ENABLE_PREVIEWS = YES;
				GENERATE_INFOPLIST_FILE = YES;
				INFOPLIST_KEY_UISupportedInterfaceOrientations = "UIInterfaceOrientationPortrait UIInterfaceOrientationPortraitUpsideDown";
				INFOPLIST_KEY_WKCompanionAppBundleIdentifier = com.iRayanKhan.BundleReader;
				LD_RUNPATH_SEARCH_PATHS = (
					"$(inherited)",
					"@executable_path/Frameworks",
				);
				MARKETING_VERSION = 1.0;
				PRODUCT_BUNDLE_IDENTIFIER = com.iRayanKhan.BundleReader.watchkitapp;
				PRODUCT_NAME = "Bundle Reader";
				SDKROOT = watchos;
				SKIP_INSTALL = YES;
				SWIFT_EMIT_LOC_STRINGS = YES;
				SWIFT_VERSION = 5.0;
				TARGETED_DEVICE_FAMILY = 4;
				WATCHOS_DEPLOYMENT_TARGET = 7.0;
			};
			name = Release;
		};
		27A09F2B2BBF28C200BBFDCC /* Debug */ = {
			isa = XCBuildConfiguration;
			buildSettings = {
				ASSETCATALOG_COMPILER_APPICON_NAME = AppIcon;
				ASSETCATALOG_COMPILER_GLOBAL_ACCENT_COLOR_NAME = AccentColor;
				CODE_SIGN_STYLE = Automatic;
				CURRENT_PROJECT_VERSION = 1;
				DEVELOPMENT_ASSET_PATHS = "\"BundleReader visionOS/Preview Content\"";
				DEVELOPMENT_TEAM = 9489Q3YVAN;
				ENABLE_PREVIEWS = YES;
				GENERATE_INFOPLIST_FILE = YES;
				INFOPLIST_FILE = "$(TARGET_NAME)/Info.plist";
				INFOPLIST_KEY_CFBundleDisplayName = "Bundle Reader";
				LD_RUNPATH_SEARCH_PATHS = (
					"$(inherited)",
					"@executable_path/Frameworks",
				);
				MARKETING_VERSION = 1.0;
				PRODUCT_BUNDLE_IDENTIFIER = "com.iRayanKhan.BundleReader-visionOS";
				PRODUCT_NAME = "$(TARGET_NAME)";
				SDKROOT = xros;
				SUPPORTED_PLATFORMS = "xros xrsimulator";
				SWIFT_EMIT_LOC_STRINGS = YES;
				SWIFT_VERSION = 5.0;
				TARGETED_DEVICE_FAMILY = "1,2,7";
				XROS_DEPLOYMENT_TARGET = 1.0;
			};
			name = Debug;
		};
		27A09F2C2BBF28C200BBFDCC /* Release */ = {
			isa = XCBuildConfiguration;
			buildSettings = {
				ASSETCATALOG_COMPILER_APPICON_NAME = AppIcon;
				ASSETCATALOG_COMPILER_GLOBAL_ACCENT_COLOR_NAME = AccentColor;
				CODE_SIGN_STYLE = Automatic;
				CURRENT_PROJECT_VERSION = 1;
				DEVELOPMENT_ASSET_PATHS = "\"BundleReader visionOS/Preview Content\"";
				DEVELOPMENT_TEAM = 9489Q3YVAN;
				ENABLE_PREVIEWS = YES;
				GENERATE_INFOPLIST_FILE = YES;
				INFOPLIST_FILE = "$(TARGET_NAME)/Info.plist";
				INFOPLIST_KEY_CFBundleDisplayName = "Bundle Reader";
				LD_RUNPATH_SEARCH_PATHS = (
					"$(inherited)",
					"@executable_path/Frameworks",
				);
				MARKETING_VERSION = 1.0;
				PRODUCT_BUNDLE_IDENTIFIER = "com.iRayanKhan.BundleReader-visionOS";
				PRODUCT_NAME = "$(TARGET_NAME)";
				SDKROOT = xros;
				SUPPORTED_PLATFORMS = "xros xrsimulator";
				SWIFT_EMIT_LOC_STRINGS = YES;
				SWIFT_VERSION = 5.0;
				TARGETED_DEVICE_FAMILY = "1,2,7";
				XROS_DEPLOYMENT_TARGET = 1.0;
			};
			name = Release;
		};
		27DF2F452BBF24B20085DD3A /* Debug */ = {
			isa = XCBuildConfiguration;
			buildSettings = {
				ASSETCATALOG_COMPILER_APPICON_NAME = "App Icon & Top Shelf Image";
				ASSETCATALOG_COMPILER_GLOBAL_ACCENT_COLOR_NAME = AccentColor;
				CODE_SIGN_STYLE = Automatic;
				CURRENT_PROJECT_VERSION = 1;
				DEVELOPMENT_ASSET_PATHS = "\"BundleReader tvOS/Preview Content\"";
				DEVELOPMENT_TEAM = 9489Q3YVAN;
				ENABLE_PREVIEWS = YES;
				GENERATE_INFOPLIST_FILE = YES;
				INFOPLIST_KEY_CFBundleDisplayName = "Bundle Reader";
				INFOPLIST_KEY_UILaunchScreen_Generation = YES;
				INFOPLIST_KEY_UIUserInterfaceStyle = Automatic;
				LD_RUNPATH_SEARCH_PATHS = (
					"$(inherited)",
					"@executable_path/Frameworks",
				);
				MARKETING_VERSION = 1.0;
				PRODUCT_BUNDLE_IDENTIFIER = "com.iRayanKhan.BundleReader-tvOS";
				PRODUCT_NAME = "$(TARGET_NAME)";
				SDKROOT = appletvos;
				SWIFT_EMIT_LOC_STRINGS = YES;
				SWIFT_VERSION = 5.0;
				TARGETED_DEVICE_FAMILY = 3;
				TVOS_DEPLOYMENT_TARGET = 14.0;
			};
			name = Debug;
		};
		27DF2F462BBF24B20085DD3A /* Release */ = {
			isa = XCBuildConfiguration;
			buildSettings = {
				ASSETCATALOG_COMPILER_APPICON_NAME = "App Icon & Top Shelf Image";
				ASSETCATALOG_COMPILER_GLOBAL_ACCENT_COLOR_NAME = AccentColor;
				CODE_SIGN_STYLE = Automatic;
				CURRENT_PROJECT_VERSION = 1;
				DEVELOPMENT_ASSET_PATHS = "\"BundleReader tvOS/Preview Content\"";
				DEVELOPMENT_TEAM = 9489Q3YVAN;
				ENABLE_PREVIEWS = YES;
				GENERATE_INFOPLIST_FILE = YES;
				INFOPLIST_KEY_CFBundleDisplayName = "Bundle Reader";
				INFOPLIST_KEY_UILaunchScreen_Generation = YES;
				INFOPLIST_KEY_UIUserInterfaceStyle = Automatic;
				LD_RUNPATH_SEARCH_PATHS = (
					"$(inherited)",
					"@executable_path/Frameworks",
				);
				MARKETING_VERSION = 1.0;
				PRODUCT_BUNDLE_IDENTIFIER = "com.iRayanKhan.BundleReader-tvOS";
				PRODUCT_NAME = "$(TARGET_NAME)";
				SDKROOT = appletvos;
				SWIFT_EMIT_LOC_STRINGS = YES;
				SWIFT_VERSION = 5.0;
				TARGETED_DEVICE_FAMILY = 3;
				TVOS_DEPLOYMENT_TARGET = 14.0;
			};
			name = Release;
		};
/* End XCBuildConfiguration section */

/* Begin XCConfigurationList section */
		273AAC312BBF1DCB0088D072 /* Build configuration list for PBXProject "BundleReader" */ = {
			isa = XCConfigurationList;
			buildConfigurations = (
				273AAC422BBF1DCD0088D072 /* Debug */,
				273AAC432BBF1DCD0088D072 /* Release */,
			);
			defaultConfigurationIsVisible = 0;
			defaultConfigurationName = Release;
		};
		273AAC442BBF1DCD0088D072 /* Build configuration list for PBXNativeTarget "BundleReader" */ = {
			isa = XCConfigurationList;
			buildConfigurations = (
				273AAC452BBF1DCD0088D072 /* Debug */,
				273AAC462BBF1DCD0088D072 /* Release */,
			);
			defaultConfigurationIsVisible = 0;
			defaultConfigurationName = Release;
		};
		273AAC622BBF206E0088D072 /* Build configuration list for PBXNativeTarget "BundleReader watchOS Watch App" */ = {
			isa = XCConfigurationList;
			buildConfigurations = (
				273AAC632BBF206E0088D072 /* Debug */,
				273AAC642BBF206E0088D072 /* Release */,
			);
			defaultConfigurationIsVisible = 0;
			defaultConfigurationName = Release;
		};
		27A09F2D2BBF28C200BBFDCC /* Build configuration list for PBXNativeTarget "BundleReader visionOS" */ = {
			isa = XCConfigurationList;
			buildConfigurations = (
				27A09F2B2BBF28C200BBFDCC /* Debug */,
				27A09F2C2BBF28C200BBFDCC /* Release */,
			);
			defaultConfigurationIsVisible = 0;
			defaultConfigurationName = Release;
		};
		27DF2F472BBF24B20085DD3A /* Build configuration list for PBXNativeTarget "BundleReader tvOS" */ = {
			isa = XCConfigurationList;
			buildConfigurations = (
				27DF2F452BBF24B20085DD3A /* Debug */,
				27DF2F462BBF24B20085DD3A /* Release */,
			);
			defaultConfigurationIsVisible = 0;
			defaultConfigurationName = Release;
		};
/* End XCConfigurationList section */

/* Begin XCSwiftPackageProductDependency section */
		27A09F1F2BBF28C100BBFDCC /* RealityKitContent */ = {
			isa = XCSwiftPackageProductDependency;
			productName = RealityKitContent;
		};
/* End XCSwiftPackageProductDependency section */
	};
	rootObject = 273AAC2E2BBF1DCB0088D072 /* Project object */;
}
